{"is_source_file": false, "format": "", "description": "", "external_files": [], "external_methods": [], "published": [], "classes": [], "methods": [], "calls": [], "search-terms": [], "state": 2, "file_id": 3, "knowledge_revision": 34, "git_revision": "516407b9fbeec8abcfd1ae2de32d0e54ea1f5ad0", "filename": "/tmp/kavia/workspace/code-generation/tictactoe-classic-125916-10e2e255/main_container_for_tictactoe_classic/post_process_status.lock", "hash": "9c4ed7ef73e22b872b8055bec08b8979", "format-version": 4, "code-base-name": "default", "revision_history": [{"34": "516407b9fbeec8abcfd1ae2de32d0e54ea1f5ad0"}]}